// !$*UTF8*$!
{
	archiveVersion = 1;
	classes = {
	};
	objectVersion = 50;
	objects = {

/* Begin PBXBuildFile section */
		0BC105935941A0C718AEF827 /* Pods_Dark_Skys.framework in Frameworks */ = {isa = PBXBuildFile; fileRef = 411194229F40B7C2791CC077 /* Pods_Dark_Skys.framework */; };
		209CAB9D2180FE08003ABABC /* AppDelegate.swift in Sources */ = {isa = PBXBuildFile; fileRef = 209CAB9C2180FE08003ABABC /* AppDelegate.swift */; };
		209CAB9F2180FE08003ABABC /* ViewController.swift in Sources */ = {isa = PBXBuildFile; fileRef = 209CAB9E2180FE08003ABABC /* ViewController.swift */; };
		209CABA22180FE08003ABABC /* Main.storyboard in Resources */ = {isa = PBXBuildFile; fileRef = 209CABA02180FE08003ABABC /* Main.storyboard */; };
		209CABA42180FE08003ABABC /* Assets.xcassets in Resources */ = {isa = PBXBuildFile; fileRef = 209CABA32180FE08003ABABC /* Assets.xcassets */; };
		209CABA72180FE08003ABABC /* LaunchScreen.storyboard in Resources */ = {isa = PBXBuildFile; fileRef = 209CABA52180FE08003ABABC /* LaunchScreen.storyboard */; };
		20F7C28C218236EB001853F9 /* APIKeys.swift in Sources */ = {isa = PBXBuildFile; fileRef = 20F7C28B218236EB001853F9 /* APIKeys.swift */; };
/* End PBXBuildFile section */

/* Begin PBXFileReference section */
		0D497102379CE2F92EF944DA /* Pods-Dark Skys.debug.xcconfig */ = {isa = PBXFileReference; includeInIndex = 1; lastKnownFileType = text.xcconfig; name = "Pods-Dark Skys.debug.xcconfig"; path = "Pods/Target Support Files/Pods-Dark Skys/Pods-Dark Skys.debug.xcconfig"; sourceTree = "<group>"; };
		209CAB992180FE08003ABABC /* Dark Skys.app */ = {isa = PBXFileReference; explicitFileType = wrapper.application; includeInIndex = 0; path = "Dark Skys.app"; sourceTree = BUILT_PRODUCTS_DIR; };
		209CAB9C2180FE08003ABABC /* AppDelegate.swift */ = {isa = PBXFileReference; lastKnownFileType = sourcecode.swift; path = AppDelegate.swift; sourceTree = "<group>"; };
		209CAB9E2180FE08003ABABC /* ViewController.swift */ = {isa = PBXFileReference; lastKnownFileType = sourcecode.swift; path = ViewController.swift; sourceTree = "<group>"; };
		209CABA12180FE08003ABABC /* Base */ = {isa = PBXFileReference; lastKnownFileType = file.storyboard; name = Base; path = Base.lproj/Main.storyboard; sourceTree = "<group>"; };
		209CABA32180FE08003ABABC /* Assets.xcassets */ = {isa = PBXFileReference; lastKnownFileType = folder.assetcatalog; path = Assets.xcassets; sourceTree = "<group>"; };
		209CABA62180FE08003ABABC /* Base */ = {isa = PBXFileReference; lastKnownFileType = file.storyboard; name = Base; path = Base.lproj/LaunchScreen.storyboard; sourceTree = "<group>"; };
		209CABA82180FE08003ABABC /* Info.plist */ = {isa = PBXFileReference; lastKnownFileType = text.plist.xml; path = Info.plist; sourceTree = "<group>"; };
		20F7C28B218236EB001853F9 /* APIKeys.swift */ = {isa = PBXFileReference; lastKnownFileType = sourcecode.swift; path = APIKeys.swift; sourceTree = "<group>"; };
		411194229F40B7C2791CC077 /* Pods_Dark_Skys.framework */ = {isa = PBXFileReference; explicitFileType = wrapper.framework; includeInIndex = 0; path = Pods_Dark_Skys.framework; sourceTree = BUILT_PRODUCTS_DIR; };
		C6376383FD126E98E7873601 /* Pods-Dark Skys.release.xcconfig */ = {isa = PBXFileReference; includeInIndex = 1; lastKnownFileType = text.xcconfig; name = "Pods-Dark Skys.release.xcconfig"; path = "Pods/Target Support Files/Pods-Dark Skys/Pods-Dark Skys.release.xcconfig"; sourceTree = "<group>"; };
/* End PBXFileReference section */

/* Begin PBXFrameworksBuildPhase section */
		209CAB962180FE08003ABABC /* Frameworks */ = {
			isa = PBXFrameworksBuildPhase;
			buildActionMask = 2147483647;
			files = (
				0BC105935941A0C718AEF827 /* Pods_Dark_Skys.framework in Frameworks */,
			);
			runOnlyForDeploymentPostprocessing = 0;
		};
/* End PBXFrameworksBuildPhase section */

/* Begin PBXGroup section */
		209CAB902180FE08003ABABC = {
			isa = PBXGroup;
			children = (
				209CAB9B2180FE08003ABABC /* Dark Skys */,
				209CAB9A2180FE08003ABABC /* Products */,
				F9914F7C24553A665D7CD56E /* Pods */,
				8F92F14D4E8BE9A3447541F1 /* Frameworks */,
			);
			sourceTree = "<group>";
		};
		209CAB9A2180FE08003ABABC /* Products */ = {
			isa = PBXGroup;
			children = (
				209CAB992180FE08003ABABC /* Dark Skys.app */,
			);
			name = Products;
			sourceTree = "<group>";
		};
		209CAB9B2180FE08003ABABC /* Dark Skys */ = {
			isa = PBXGroup;
			children = (
				209CAB9C2180FE08003ABABC /* AppDelegate.swift */,
				209CAB9E2180FE08003ABABC /* ViewController.swift */,
				209CABA02180FE08003ABABC /* Main.storyboard */,
				209CABA32180FE08003ABABC /* Assets.xcassets */,
				209CABA52180FE08003ABABC /* LaunchScreen.storyboard */,
				209CABA82180FE08003ABABC /* Info.plist */,
				20F7C28B218236EB001853F9 /* APIKeys.swift */,
			);
			path = "Dark Skys";
			sourceTree = "<group>";
		};
		8F92F14D4E8BE9A3447541F1 /* Frameworks */ = {
			isa = PBXGroup;
			children = (
				411194229F40B7C2791CC077 /* Pods_Dark_Skys.framework */,
			);
			name = Frameworks;
			sourceTree = "<group>";
		};
		F9914F7C24553A665D7CD56E /* Pods */ = {
			isa = PBXGroup;
			children = (
				0D497102379CE2F92EF944DA /* Pods-Dark Skys.debug.xcconfig */,
				C6376383FD126E98E7873601 /* Pods-Dark Skys.release.xcconfig */,
			);
			name = Pods;
			sourceTree = "<group>";
		};
/* End PBXGroup section */

/* Begin PBXNativeTarget section */
		209CAB982180FE08003ABABC /* Dark Skys */ = {
			isa = PBXNativeTarget;
			buildConfigurationList = 209CABAB2180FE08003ABABC /* Build configuration list for PBXNativeTarget "Dark Skys" */;
			buildPhases = (
				855288798D0AEC13A14C9A44 /* [CP] Check Pods Manifest.lock */,
				209CAB952180FE08003ABABC /* Sources */,
				209CAB962180FE08003ABABC /* Frameworks */,
				209CAB972180FE08003ABABC /* Resources */,
				11EEF9048CEFA2191D9D241C /* [CP] Embed Pods Frameworks */,
			);
			buildRules = (
			);
			dependencies = (
			);
			name = "Dark Skys";
			productName = "Dark Skys";
			productReference = 209CAB992180FE08003ABABC /* Dark Skys.app */;
			productType = "com.apple.product-type.application";
		};
/* End PBXNativeTarget section */

/* Begin PBXProject section */
		209CAB912180FE08003ABABC /* Project object */ = {
			isa = PBXProject;
			attributes = {
				LastSwiftUpdateCheck = 1000;
				LastUpgradeCheck = 1000;
				ORGANIZATIONNAME = "Brian Sadler";
				TargetAttributes = {
					209CAB982180FE08003ABABC = {
						CreatedOnToolsVersion = 10.0;
					};
				};
			};
			buildConfigurationList = 209CAB942180FE08003ABABC /* Build configuration list for PBXProject "Dark Skys" */;
			compatibilityVersion = "Xcode 9.3";
			developmentRegion = en;
			hasScannedForEncodings = 0;
			knownRegions = (
				en,
				Base,
			);
			mainGroup = 209CAB902180FE08003ABABC;
			productRefGroup = 209CAB9A2180FE08003ABABC /* Products */;
			projectDirPath = "";
			projectRoot = "";
			targets = (
				209CAB982180FE08003ABABC /* Dark Skys */,
			);
		};
/* End PBXProject section */

/* Begin PBXResourcesBuildPhase section */
		209CAB972180FE08003ABABC /* Resources */ = {
			isa = PBXResourcesBuildPhase;
			buildActionMask = 2147483647;
			files = (
				209CABA72180FE08003ABABC /* LaunchScreen.storyboard in Resources */,
				209CABA42180FE08003ABABC /* Assets.xcassets in Resources */,
				209CABA22180FE08003ABABC /* Main.storyboard in Resources */,
			);
			runOnlyForDeploymentPostprocessing = 0;
		};
/* End PBXResourcesBuildPhase section */

/* Begin PBXShellScriptBuildPhase section */
		11EEF9048CEFA2191D9D241C /* [CP] Embed Pods Frameworks */ = {
			isa = PBXShellScriptBuildPhase;
			buildActionMask = 2147483647;
			files = (
			);
			inputPaths = (
				"${SRCROOT}/Pods/Target Support Files/Pods-Dark Skys/Pods-Dark Skys-frameworks.sh",
				"${BUILT_PRODUCTS_DIR}/Alamofire/Alamofire.framework",
				"${BUILT_PRODUCTS_DIR}/SwiftyJSON/SwiftyJSON.framework",
			);
			name = "[CP] Embed Pods Frameworks";
			outputPaths = (
				"${TARGET_BUILD_DIR}/${FRAMEWORKS_FOLDER_PATH}/Alamofire.framework",
				"${TARGET_BUILD_DIR}/${FRAMEWORKS_FOLDER_PATH}/SwiftyJSON.framework",
			);
			runOnlyForDeploymentPostprocessing = 0;
			shellPath = /bin/sh;
			shellScript = "\"${SRCROOT}/Pods/Target Support Files/Pods-Dark Skys/Pods-Dark Skys-frameworks.sh\"\n";
			showEnvVarsInLog = 0;
		};
		855288798D0AEC13A14C9A44 /* [CP] Check Pods Manifest.lock */ = {
			isa = PBXShellScriptBuildPhase;
			buildActionMask = 2147483647;
			files = (
			);
			inputPaths = (
				"${PODS_PODFILE_DIR_PATH}/Podfile.lock",
				"${PODS_ROOT}/Manifest.lock",
			);
			name = "[CP] Check Pods Manifest.lock";
			outputPaths = (
				"$(DERIVED_FILE_DIR)/Pods-Dark Skys-checkManifestLockResult.txt",
			);
			runOnlyForDeploymentPostprocessing = 0;
			shellPath = /bin/sh;
			shellScript = "diff \"${PODS_PODFILE_DIR_PATH}/Podfile.lock\" \"${PODS_ROOT}/Manifest.lock\" > /dev/null\nif [ $? != 0 ] ; then\n    # print error to STDERR\n    echo \"error: The sandbox is not in sync with the Podfile.lock. Run 'pod install' or update your CocoaPods installation.\" >&2\n    exit 1\nfi\n# This output is used by Xcode 'outputs' to avoid re-running this script phase.\necho \"SUCCESS\" > \"${SCRIPT_OUTPUT_FILE_0}\"\n";
			showEnvVarsInLog = 0;
		};
/* End PBXShellScriptBuildPhase section */

/* Begin PBXSourcesBuildPhase section */
		209CAB952180FE08003ABABC /* Sources */ = {
			isa = PBXSourcesBuildPhase;
			buildActionMask = 2147483647;
			files = (
				20F7C28C218236EB001853F9 /* APIKeys.swift in Sources */,
				209CAB9F2180FE08003ABABC /* ViewController.swift in Sources */,
				209CAB9D2180FE08003ABABC /* AppDelegate.swift in Sources */,
			);
			runOnlyForDeploymentPostprocessing = 0;
		};
/* End PBXSourcesBuildPhase section */

/* Begin PBXVariantGroup section */
		209CABA02180FE08003ABABC /* Main.storyboard */ = {
			isa = PBXVariantGroup;
			children = (
				209CABA12180FE08003ABABC /* Base */,
			);
			name = Main.storyboard;
			sourceTree = "<group>";
		};
		209CABA52180FE08003ABABC /* LaunchScreen.storyboard */ = {
			isa = PBXVariantGroup;
			children = (
				209CABA62180FE08003ABABC /* Base */,
			);
			name = LaunchScreen.storyboard;
			sourceTree = "<group>";
		};
/* End PBXVariantGroup section */

/* Begin XCBuildConfiguration section */
		209CABA92180FE08003ABABC /* Debug */ = {
			isa = XCBuildConfiguration;
			buildSettings = {
				ALWAYS_SEARCH_USER_PATHS = NO;
				CLANG_ANALYZER_NONNULL = YES;
				CLANG_ANALYZER_NUMBER_OBJECT_CONVERSION = YES_AGGRESSIVE;
				CLANG_CXX_LANGUAGE_STANDARD = "gnu++14";
				CLANG_CXX_LIBRARY = "libc++";
				CLANG_ENABLE_MODULES = YES;
				CLANG_ENABLE_OBJC_ARC = YES;
				CLANG_ENABLE_OBJC_WEAK = YES;
				CLANG_WARN_BLOCK_CAPTURE_AUTORELEASING = YES;
				CLANG_WARN_BOOL_CONVERSION = YES;
				CLANG_WARN_COMMA = YES;
				CLANG_WARN_CONSTANT_CONVERSION = YES;
				CLANG_WARN_DEPRECATED_OBJC_IMPLEMENTATIONS = YES;
				CLANG_WARN_DIRECT_OBJC_ISA_USAGE = YES_ERROR;
				CLANG_WARN_DOCUMENTATION_COMMENTS = YES;
				CLANG_WARN_EMPTY_BODY = YES;
				CLANG_WARN_ENUM_CONVERSION = YES;
				CLANG_WARN_INFINITE_RECURSION = YES;
				CLANG_WARN_INT_CONVERSION = YES;
				CLANG_WARN_NON_LITERAL_NULL_CONVERSION = YES;
				CLANG_WARN_OBJC_IMPLICIT_RETAIN_SELF = YES;
				CLANG_WARN_OBJC_LITERAL_CONVERSION = YES;
				CLANG_WARN_OBJC_ROOT_CLASS = YES_ERROR;
				CLANG_WARN_RANGE_LOOP_ANALYSIS = YES;
				CLANG_WARN_STRICT_PROTOTYPES = YES;
				CLANG_WARN_SUSPICIOUS_MOVE = YES;
				CLANG_WARN_UNGUARDED_AVAILABILITY = YES_AGGRESSIVE;
				CLANG_WARN_UNREACHABLE_CODE = YES;
				CLANG_WARN__DUPLICATE_METHOD_MATCH = YES;
				CODE_SIGN_IDENTITY = "iPhone Developer";
				COPY_PHASE_STRIP = NO;
				DEBUG_INFORMATION_FORMAT = dwarf;
				ENABLE_STRICT_OBJC_MSGSEND = YES;
				ENABLE_TESTABILITY = YES;
				GCC_C_LANGUAGE_STANDARD = gnu11;
				GCC_DYNAMIC_NO_PIC = NO;
				GCC_NO_COMMON_BLOCKS = YES;
				GCC_OPTIMIZATION_LEVEL = 0;
				GCC_PREPROCESSOR_DEFINITIONS = (
					"DEBUG=1",
					"$(inherited)",
				);
				GCC_WARN_64_TO_32_BIT_CONVERSION = YES;
				GCC_WARN_ABOUT_RETURN_TYPE = YES_ERROR;
				GCC_WARN_UNDECLARED_SELECTOR = YES;
				GCC_WARN_UNINITIALIZED_AUTOS = YES_AGGRESSIVE;
				GCC_WARN_UNUSED_FUNCTION = YES;
				GCC_WARN_UNUSED_VARIABLE = YES;
				IPHONEOS_DEPLOYMENT_TARGET = 12.0;
				MTL_ENABLE_DEBUG_INFO = INCLUDE_SOURCE;
				MTL_FAST_MATH = YES;
				ONLY_ACTIVE_ARCH = YES;
				SDKROOT = iphoneos;
				SWIFT_ACTIVE_COMPILATION_CONDITIONS = DEBUG;
				SWIFT_OPTIMIZATION_LEVEL = "-Onone";
			};
			name = Debug;
		};
		209CABAA2180FE08003ABABC /* Release */ = {
			isa = XCBuildConfiguration;
			buildSettings = {
				ALWAYS_SEARCH_USER_PATHS = NO;
				CLANG_ANALYZER_NONNULL = YES;
				CLANG_ANALYZER_NUMBER_OBJECT_CONVERSION = YES_AGGRESSIVE;
				CLANG_CXX_LANGUAGE_STANDARD = "gnu++14";
				CLANG_CXX_LIBRARY = "libc++";
				CLANG_ENABLE_MODULES = YES;
				CLANG_ENABLE_OBJC_ARC = YES;
				CLANG_ENABLE_OBJC_WEAK = YES;
				CLANG_WARN_BLOCK_CAPTURE_AUTORELEASING = YES;
				CLANG_WARN_BOOL_CONVERSION = YES;
				CLANG_WARN_COMMA = YES;
				CLANG_WARN_CONSTANT_CONVERSION = YES;
				CLANG_WARN_DEPRECATED_OBJC_IMPLEMENTATIONS = YES;
				CLANG_WARN_DIRECT_OBJC_ISA_USAGE = YES_ERROR;
				CLANG_WARN_DOCUMENTATION_COMMENTS = YES;
				CLANG_WARN_EMPTY_BODY = YES;
				CLANG_WARN_ENUM_CONVERSION = YES;
				CLANG_WARN_INFINITE_RECURSION = YES;
				CLANG_WARN_INT_CONVERSION = YES;
				CLANG_WARN_NON_LITERAL_NULL_CONVERSION = YES;
				CLANG_WARN_OBJC_IMPLICIT_RETAIN_SELF = YES;
				CLANG_WARN_OBJC_LITERAL_CONVERSION = YES;
				CLANG_WARN_OBJC_ROOT_CLASS = YES_ERROR;
				CLANG_WARN_RANGE_LOOP_ANALYSIS = YES;
				CLANG_WARN_STRICT_PROTOTYPES = YES;
				CLANG_WARN_SUSPICIOUS_MOVE = YES;
				CLANG_WARN_UNGUARDED_AVAILABILITY = YES_AGGRESSIVE;
				CLANG_WARN_UNREACHABLE_CODE = YES;
				CLANG_WARN__DUPLICATE_METHOD_MATCH = YES;
				CODE_SIGN_IDENTITY = "iPhone Developer";
				COPY_PHASE_STRIP = NO;
				DEBUG_INFORMATION_FORMAT = "dwarf-with-dsym";
				ENABLE_NS_ASSERTIONS = NO;
				ENABLE_STRICT_OBJC_MSGSEND = YES;
				GCC_C_LANGUAGE_STANDARD = gnu11;
				GCC_NO_COMMON_BLOCKS = YES;
				GCC_WARN_64_TO_32_BIT_CONVERSION = YES;
				GCC_WARN_ABOUT_RETURN_TYPE = YES_ERROR;
				GCC_WARN_UNDECLARED_SELECTOR = YES;
				GCC_WARN_UNINITIALIZED_AUTOS = YES_AGGRESSIVE;
				GCC_WARN_UNUSED_FUNCTION = YES;
				GCC_WARN_UNUSED_VARIABLE = YES;
				IPHONEOS_DEPLOYMENT_TARGET = 12.0;
				MTL_ENABLE_DEBUG_INFO = NO;
				MTL_FAST_MATH = YES;
				SDKROOT = iphoneos;
				SWIFT_COMPILATION_MODE = wholemodule;
				SWIFT_OPTIMIZATION_LEVEL = "-O";
				VALIDATE_PRODUCT = YES;
			};
			name = Release;
		};
		209CABAC2180FE08003ABABC /* Debug */ = {
			isa = XCBuildConfiguration;
			baseConfigurationReference = 0D497102379CE2F92EF944DA /* Pods-Dark Skys.debug.xcconfig */;
			buildSettings = {
				ASSETCATALOG_COMPILER_APPICON_NAME = AppIcon;
				CODE_SIGN_STYLE = Automatic;
				DEVELOPMENT_TEAM = LDT525N94J;
				INFOPLIST_FILE = "Dark Skys/Info.plist";
				LD_RUNPATH_SEARCH_PATHS = (
					"$(inherited)",
					"@executable_path/Frameworks",
				);
				PRODUCT_BUNDLE_IDENTIFIER = "SaddleUp.Dark-Skys";
				PRODUCT_NAME = "$(TARGET_NAME)";
				SWIFT_VERSION = 4.2;
				TARGETED_DEVICE_FAMILY = "1,2";
			};
			name = Debug;
		};
		209CABAD2180FE08003ABABC /* Release */ = {
			isa = XCBuildConfiguration;
			baseConfigurationReference = C6376383FD126E98E7873601 /* Pods-Dark Skys.release.xcconfig */;
			buildSettings = {
				ASSETCATALOG_COMPILER_APPICON_NAME = AppIcon;
				CODE_SIGN_STYLE = Automatic;
				DEVELOPMENT_TEAM = LDT525N94J;
				INFOPLIST_FILE = "Dark Skys/Info.plist";
				LD_RUNPATH_SEARCH_PATHS = (
					"$(inherited)",
					"@executable_path/Frameworks",
				);
				PRODUCT_BUNDLE_IDENTIFIER = "SaddleUp.Dark-Skys";
				PRODUCT_NAME = "$(TARGET_NAME)";
				SWIFT_VERSION = 4.2;
				TARGETED_DEVICE_FAMILY = "1,2";
			};
			name = Release;
		};
/* End XCBuildConfiguration section */

/* Begin XCConfigurationList section */
		209CAB942180FE08003ABABC /* Build configuration list for PBXProject "Dark Skys" */ = {
			isa = XCConfigurationList;
			buildConfigurations = (
				209CABA92180FE08003ABABC /* Debug */,
				209CABAA2180FE08003ABABC /* Release */,
			);
			defaultConfigurationIsVisible = 0;
			defaultConfigurationName = Release;
		};
		209CABAB2180FE08003ABABC /* Build configuration list for PBXNativeTarget "Dark Skys" */ = {
			isa = XCConfigurationList;
			buildConfigurations = (
				209CABAC2180FE08003ABABC /* Debug */,
				209CABAD2180FE08003ABABC /* Release */,
			);
			defaultConfigurationIsVisible = 0;
			defaultConfigurationName = Release;
		};
/* End XCConfigurationList section */
	};
	rootObject = 209CAB912180FE08003ABABC /* Project object */;
}
